
Microsoft Visual Studio Solution File, Format Version 12.00
# Visual Studio Version 16
VisualStudioVersion = 16.0.31515.178
MinimumVisualStudioVersion = 10.0.40219.1
Project("{FAE04EC0-301F-11D3-BF4B-00C04F79EFBC}") = "Web_Music", "Web_Music\Web_Music.csproj", "{6DEB2230-C918-44F7-A6B8-6DC12CF0362E}"
EndProject
Global
	GlobalSection(SolutionConfigurationPlatforms) = preSolution
		Debug|Any CPU = Debug|Any CPU
		Release|Any CPU = Release|Any CPU
	EndGlobalSection
	GlobalSection(ProjectConfigurationPlatforms) = postSolution
		{6DEB2230-C918-44F7-A6B8-6DC12CF0362E}.Debug|Any CPU.ActiveCfg = Debug|Any CPU
		{6DEB2230-C918-44F7-A6B8-6DC12CF0362E}.Debug|Any CPU.Build.0 = Debug|Any CPU
		{6DEB2230-C918-44F7-A6B8-6DC12CF0362E}.Release|Any CPU.ActiveCfg = Release|Any CPU
		{6DEB2230-C918-44F7-A6B8-6DC12CF0362E}.Release|Any CPU.Build.0 = Release|Any CPU
	EndGlobalSection
	GlobalSection(SolutionProperties) = preSolution
		HideSolutionNode = FALSE
	EndGlobalSection
	GlobalSection(ExtensibilityGlobals) = postSolution
		SolutionGuid = {85FC18A5-D9E3-451D-9A17-D00C2927F247}
	EndGlobalSection
EndGlobal
